
Microsoft Visual Studio Solution File, Format Version 12.00
# Visual Studio Version 17
VisualStudioVersion = 17.14.36717.8 d17.14
MinimumVisualStudioVersion = 10.0.40219.1
Project("{FAE04EC0-301F-11D3-BF4B-00C04F79EFBC}") = "LearnDependencyInjection", "LearnDependencyInjection\LearnDependencyInjection.csproj", "{F91C7576-8D2C-4E86-85D2-A206456F68D6}"
EndProject
Global
	GlobalSection(SolutionConfigurationPlatforms) = preSolution
		Debug|Any CPU = Debug|Any CPU
		Release|Any CPU = Release|Any CPU
	EndGlobalSection
	GlobalSection(ProjectConfigurationPlatforms) = postSolution
		{F91C7576-8D2C-4E86-85D2-A206456F68D6}.Debug|Any CPU.ActiveCfg = Debug|Any CPU
		{F91C7576-8D2C-4E86-85D2-A206456F68D6}.Debug|Any CPU.Build.0 = Debug|Any CPU
		{F91C7576-8D2C-4E86-85D2-A206456F68D6}.Release|Any CPU.ActiveCfg = Release|Any CPU
		{F91C7576-8D2C-4E86-85D2-A206456F68D6}.Release|Any CPU.Build.0 = Release|Any CPU
	EndGlobalSection
	GlobalSection(SolutionProperties) = preSolution
		HideSolutionNode = FALSE
	EndGlobalSection
	GlobalSection(ExtensibilityGlobals) = postSolution
		SolutionGuid = {9081E07E-4F38-48FB-8FF6-51C7E5925C2B}
	EndGlobalSection
EndGlobal
